// !$*UTF8*$!
{
	archiveVersion = 1;
	classes = {
	};
	objectVersion = 46;
	objects = {

/* Begin PBXBuildFile section */
		1EBB19391C55B8FA009529A2 /* UIView+Extension.m in Sources */ = {isa = PBXBuildFile; fileRef = 1EBB19381C55B8FA009529A2 /* UIView+Extension.m */; };
		1EBB193D1C55C143009529A2 /* Foundation+Log.m in Sources */ = {isa = PBXBuildFile; fileRef = 1EBB193A1C55C143009529A2 /* Foundation+Log.m */; };
		1EBB193E1C55C143009529A2 /* NSString+Emoji.m in Sources */ = {isa = PBXBuildFile; fileRef = 1EBB193C1C55C143009529A2 /* NSString+Emoji.m */; };
		1EE0B5151C5604C400E134BF /* HMTextView.m in Sources */ = {isa = PBXBuildFile; fileRef = 1EE0B5141C5604C400E134BF /* HMTextView.m */; };
		1EE0B5181C5609F600E134BF /* HMComposeToolBar.m in Sources */ = {isa = PBXBuildFile; fileRef = 1EE0B5171C5609F600E134BF /* HMComposeToolBar.m */; };
		1EE0B51C1C5619A100E134BF /* HMEmotionKeyBoard.m in Sources */ = {isa = PBXBuildFile; fileRef = 1EE0B51B1C5619A100E134BF /* HMEmotionKeyBoard.m */; };
		1EE0B5311C561A1600E134BF /* MJArgument.m in Sources */ = {isa = PBXBuildFile; fileRef = 1EE0B51F1C561A1600E134BF /* MJArgument.m */; };
		1EE0B5321C561A1600E134BF /* MJIvar.m in Sources */ = {isa = PBXBuildFile; fileRef = 1EE0B5221C561A1600E134BF /* MJIvar.m */; };
		1EE0B5331C561A1600E134BF /* MJMember.m in Sources */ = {isa = PBXBuildFile; fileRef = 1EE0B5241C561A1600E134BF /* MJMember.m */; };
		1EE0B5341C561A1600E134BF /* MJMethod.m in Sources */ = {isa = PBXBuildFile; fileRef = 1EE0B5261C561A1600E134BF /* MJMethod.m */; };
		1EE0B5351C561A1600E134BF /* MJType.m in Sources */ = {isa = PBXBuildFile; fileRef = 1EE0B5281C561A1600E134BF /* MJType.m */; };
		1EE0B5361C561A1600E134BF /* MJTypeEncoding.m in Sources */ = {isa = PBXBuildFile; fileRef = 1EE0B52A1C561A1600E134BF /* MJTypeEncoding.m */; };
		1EE0B5371C561A1600E134BF /* NSObject+MJCoding.m in Sources */ = {isa = PBXBuildFile; fileRef = 1EE0B52C1C561A1600E134BF /* NSObject+MJCoding.m */; };
		1EE0B5381C561A1600E134BF /* NSObject+MJKeyValue.m in Sources */ = {isa = PBXBuildFile; fileRef = 1EE0B52E1C561A1600E134BF /* NSObject+MJKeyValue.m */; };
		1EE0B5391C561A1600E134BF /* NSObject+MJMember.m in Sources */ = {isa = PBXBuildFile; fileRef = 1EE0B5301C561A1600E134BF /* NSObject+MJMember.m */; };
		1EF313FF1C54BADB005E11A0 /* main.m in Sources */ = {isa = PBXBuildFile; fileRef = 1EF313FE1C54BADB005E11A0 /* main.m */; };
		1EF314021C54BADB005E11A0 /* AppDelegate.m in Sources */ = {isa = PBXBuildFile; fileRef = 1EF314011C54BADB005E11A0 /* AppDelegate.m */; };
		1EF314051C54BADB005E11A0 /* ViewController.m in Sources */ = {isa = PBXBuildFile; fileRef = 1EF314041C54BADB005E11A0 /* ViewController.m */; };
		1EF314081C54BADB005E11A0 /* Main.storyboard in Resources */ = {isa = PBXBuildFile; fileRef = 1EF314061C54BADB005E11A0 /* Main.storyboard */; };
		1EF3140A1C54BADB005E11A0 /* Assets.xcassets in Resources */ = {isa = PBXBuildFile; fileRef = 1EF314091C54BADB005E11A0 /* Assets.xcassets */; };
		1EF3140D1C54BADB005E11A0 /* LaunchScreen.storyboard in Resources */ = {isa = PBXBuildFile; fileRef = 1EF3140B1C54BADB005E11A0 /* LaunchScreen.storyboard */; };
/* End PBXBuildFile section */

/* Begin PBXFileReference section */
		1EBB19371C55B8FA009529A2 /* UIView+Extension.h */ = {isa = PBXFileReference; fileEncoding = 4; lastKnownFileType = sourcecode.c.h; path = "UIView+Extension.h"; sourceTree = "<group>"; };
		1EBB19381C55B8FA009529A2 /* UIView+Extension.m */ = {isa = PBXFileReference; fileEncoding = 4; lastKnownFileType = sourcecode.c.objc; path = "UIView+Extension.m"; sourceTree = "<group>"; };
		1EBB193A1C55C143009529A2 /* Foundation+Log.m */ = {isa = PBXFileReference; fileEncoding = 4; lastKnownFileType = sourcecode.c.objc; path = "Foundation+Log.m"; sourceTree = "<group>"; };
		1EBB193B1C55C143009529A2 /* NSString+Emoji.h */ = {isa = PBXFileReference; fileEncoding = 4; lastKnownFileType = sourcecode.c.h; path = "NSString+Emoji.h"; sourceTree = "<group>"; };
		1EBB193C1C55C143009529A2 /* NSString+Emoji.m */ = {isa = PBXFileReference; fileEncoding = 4; lastKnownFileType = sourcecode.c.objc; path = "NSString+Emoji.m"; sourceTree = "<group>"; };
		1EE0B5131C5604C400E134BF /* HMTextView.h */ = {isa = PBXFileReference; fileEncoding = 4; lastKnownFileType = sourcecode.c.h; path = HMTextView.h; sourceTree = "<group>"; };
		1EE0B5141C5604C400E134BF /* HMTextView.m */ = {isa = PBXFileReference; fileEncoding = 4; lastKnownFileType = sourcecode.c.objc; path = HMTextView.m; sourceTree = "<group>"; };
		1EE0B5161C5609F600E134BF /* HMComposeToolBar.h */ = {isa = PBXFileReference; fileEncoding = 4; lastKnownFileType = sourcecode.c.h; path = HMComposeToolBar.h; sourceTree = "<group>"; };
		1EE0B5171C5609F600E134BF /* HMComposeToolBar.m */ = {isa = PBXFileReference; fileEncoding = 4; lastKnownFileType = sourcecode.c.objc; path = HMComposeToolBar.m; sourceTree = "<group>"; };
		1EE0B51A1C5619A100E134BF /* HMEmotionKeyBoard.h */ = {isa = PBXFileReference; fileEncoding = 4; lastKnownFileType = sourcecode.c.h; path = HMEmotionKeyBoard.h; sourceTree = "<group>"; };
		1EE0B51B1C5619A100E134BF /* HMEmotionKeyBoard.m */ = {isa = PBXFileReference; fileEncoding = 4; lastKnownFileType = sourcecode.c.objc; path = HMEmotionKeyBoard.m; sourceTree = "<group>"; };
		1EE0B51E1C561A1600E134BF /* MJArgument.h */ = {isa = PBXFileReference; fileEncoding = 4; lastKnownFileType = sourcecode.c.h; path = MJArgument.h; sourceTree = "<group>"; };
		1EE0B51F1C561A1600E134BF /* MJArgument.m */ = {isa = PBXFileReference; fileEncoding = 4; lastKnownFileType = sourcecode.c.objc; path = MJArgument.m; sourceTree = "<group>"; };
		1EE0B5201C561A1600E134BF /* MJExtension.h */ = {isa = PBXFileReference; fileEncoding = 4; lastKnownFileType = sourcecode.c.h; path = MJExtension.h; sourceTree = "<group>"; };
		1EE0B5211C561A1600E134BF /* MJIvar.h */ = {isa = PBXFileReference; fileEncoding = 4; lastKnownFileType = sourcecode.c.h; path = MJIvar.h; sourceTree = "<group>"; };
		1EE0B5221C561A1600E134BF /* MJIvar.m */ = {isa = PBXFileReference; fileEncoding = 4; lastKnownFileType = sourcecode.c.objc; path = MJIvar.m; sourceTree = "<group>"; };
		1EE0B5231C561A1600E134BF /* MJMember.h */ = {isa = PBXFileReference; fileEncoding = 4; lastKnownFileType = sourcecode.c.h; path = MJMember.h; sourceTree = "<group>"; };
		1EE0B5241C561A1600E134BF /* MJMember.m */ = {isa = PBXFileReference; fileEncoding = 4; lastKnownFileType = sourcecode.c.objc; path = MJMember.m; sourceTree = "<group>"; };
		1EE0B5251C561A1600E134BF /* MJMethod.h */ = {isa = PBXFileReference; fileEncoding = 4; lastKnownFileType = sourcecode.c.h; path = MJMethod.h; sourceTree = "<group>"; };
		1EE0B5261C561A1600E134BF /* MJMethod.m */ = {isa = PBXFileReference; fileEncoding = 4; lastKnownFileType = sourcecode.c.objc; path = MJMethod.m; sourceTree = "<group>"; };
		1EE0B5271C561A1600E134BF /* MJType.h */ = {isa = PBXFileReference; fileEncoding = 4; lastKnownFileType = sourcecode.c.h; path = MJType.h; sourceTree = "<group>"; };
		1EE0B5281C561A1600E134BF /* MJType.m */ = {isa = PBXFileReference; fileEncoding = 4; lastKnownFileType = sourcecode.c.objc; path = MJType.m; sourceTree = "<group>"; };
		1EE0B5291C561A1600E134BF /* MJTypeEncoding.h */ = {isa = PBXFileReference; fileEncoding = 4; lastKnownFileType = sourcecode.c.h; path = MJTypeEncoding.h; sourceTree = "<group>"; };
		1EE0B52A1C561A1600E134BF /* MJTypeEncoding.m */ = {isa = PBXFileReference; fileEncoding = 4; lastKnownFileType = sourcecode.c.objc; path = MJTypeEncoding.m; sourceTree = "<group>"; };
		1EE0B52B1C561A1600E134BF /* NSObject+MJCoding.h */ = {isa = PBXFileReference; fileEncoding = 4; lastKnownFileType = sourcecode.c.h; path = "NSObject+MJCoding.h"; sourceTree = "<group>"; };
		1EE0B52C1C561A1600E134BF /* NSObject+MJCoding.m */ = {isa = PBXFileReference; fileEncoding = 4; lastKnownFileType = sourcecode.c.objc; path = "NSObject+MJCoding.m"; sourceTree = "<group>"; };
		1EE0B52D1C561A1600E134BF /* NSObject+MJKeyValue.h */ = {isa = PBXFileReference; fileEncoding = 4; lastKnownFileType = sourcecode.c.h; path = "NSObject+MJKeyValue.h"; sourceTree = "<group>"; };
		1EE0B52E1C561A1600E134BF /* NSObject+MJKeyValue.m */ = {isa = PBXFileReference; fileEncoding = 4; lastKnownFileType = sourcecode.c.objc; path = "NSObject+MJKeyValue.m"; sourceTree = "<group>"; };
		1EE0B52F1C561A1600E134BF /* NSObject+MJMember.h */ = {isa = PBXFileReference; fileEncoding = 4; lastKnownFileType = sourcecode.c.h; path = "NSObject+MJMember.h"; sourceTree = "<group>"; };
		1EE0B5301C561A1600E134BF /* NSObject+MJMember.m */ = {isa = PBXFileReference; fileEncoding = 4; lastKnownFileType = sourcecode.c.objc; path = "NSObject+MJMember.m"; sourceTree = "<group>"; };
		1EF313FA1C54BADB005E11A0 /* 表情键盘.app */ = {isa = PBXFileReference; explicitFileType = wrapper.application; includeInIndex = 0; path = "表情键盘.app"; sourceTree = BUILT_PRODUCTS_DIR; };
		1EF313FE1C54BADB005E11A0 /* main.m */ = {isa = PBXFileReference; lastKnownFileType = sourcecode.c.objc; path = main.m; sourceTree = "<group>"; };
		1EF314001C54BADB005E11A0 /* AppDelegate.h */ = {isa = PBXFileReference; lastKnownFileType = sourcecode.c.h; name = AppDelegate.h; path = "表情键盘/AppDelegate.h"; sourceTree = "<group>"; };
		1EF314011C54BADB005E11A0 /* AppDelegate.m */ = {isa = PBXFileReference; lastKnownFileType = sourcecode.c.objc; name = AppDelegate.m; path = "表情键盘/AppDelegate.m"; sourceTree = "<group>"; };
		1EF314031C54BADB005E11A0 /* ViewController.h */ = {isa = PBXFileReference; lastKnownFileType = sourcecode.c.h; name = ViewController.h; path = "表情键盘/ViewController.h"; sourceTree = "<group>"; };
		1EF314041C54BADB005E11A0 /* ViewController.m */ = {isa = PBXFileReference; lastKnownFileType = sourcecode.c.objc; name = ViewController.m; path = "表情键盘/ViewController.m"; sourceTree = "<group>"; };
		1EF314071C54BADB005E11A0 /* Base */ = {isa = PBXFileReference; lastKnownFileType = file.storyboard; name = Base; path = Base.lproj/Main.storyboard; sourceTree = "<group>"; };
		1EF314091C54BADB005E11A0 /* Assets.xcassets */ = {isa = PBXFileReference; lastKnownFileType = folder.assetcatalog; path = Assets.xcassets; sourceTree = "<group>"; };
		1EF3140C1C54BADB005E11A0 /* Base */ = {isa = PBXFileReference; lastKnownFileType = file.storyboard; name = Base; path = Base.lproj/LaunchScreen.storyboard; sourceTree = "<group>"; };
		1EF3140E1C54BADB005E11A0 /* Info.plist */ = {isa = PBXFileReference; lastKnownFileType = text.plist.xml; path = Info.plist; sourceTree = "<group>"; };
/* End PBXFileReference section */

/* Begin PBXFrameworksBuildPhase section */
		1EF313F71C54BADB005E11A0 /* Frameworks */ = {
			isa = PBXFrameworksBuildPhase;
			buildActionMask = 2147483647;
			files = (
			);
			runOnlyForDeploymentPostprocessing = 0;
		};
/* End PBXFrameworksBuildPhase section */

/* Begin PBXGroup section */
		1EBB19361C55B8C8009529A2 /* Main */ = {
			isa = PBXGroup;
			children = (
				1EE0B51D1C561A1600E134BF /* MJExtension */,
				1EBB193A1C55C143009529A2 /* Foundation+Log.m */,
				1EBB193B1C55C143009529A2 /* NSString+Emoji.h */,
				1EBB193C1C55C143009529A2 /* NSString+Emoji.m */,
				1EBB19371C55B8FA009529A2 /* UIView+Extension.h */,
				1EBB19381C55B8FA009529A2 /* UIView+Extension.m */,
				1EF314001C54BADB005E11A0 /* AppDelegate.h */,
				1EF314011C54BADB005E11A0 /* AppDelegate.m */,
				1EF314031C54BADB005E11A0 /* ViewController.h */,
				1EF314041C54BADB005E11A0 /* ViewController.m */,
				1EF313FC1C54BADB005E11A0 /* 表情键盘 */,
			);
			name = Main;
			sourceTree = "<group>";
		};
		1EE0B5121C5604BB00E134BF /* View */ = {
			isa = PBXGroup;
			children = (
				1EE0B5191C56197800E134BF /* keyBoardView */,
				1EE0B5131C5604C400E134BF /* HMTextView.h */,
				1EE0B5141C5604C400E134BF /* HMTextView.m */,
				1EE0B5161C5609F600E134BF /* HMComposeToolBar.h */,
				1EE0B5171C5609F600E134BF /* HMComposeToolBar.m */,
			);
			path = View;
			sourceTree = "<group>";
		};
		1EE0B5191C56197800E134BF /* keyBoardView */ = {
			isa = PBXGroup;
			children = (
				1EE0B51A1C5619A100E134BF /* HMEmotionKeyBoard.h */,
				1EE0B51B1C5619A100E134BF /* HMEmotionKeyBoard.m */,
			);
			path = keyBoardView;
			sourceTree = "<group>";
		};
		1EE0B51D1C561A1600E134BF /* MJExtension */ = {
			isa = PBXGroup;
			children = (
				1EE0B51E1C561A1600E134BF /* MJArgument.h */,
				1EE0B51F1C561A1600E134BF /* MJArgument.m */,
				1EE0B5201C561A1600E134BF /* MJExtension.h */,
				1EE0B5211C561A1600E134BF /* MJIvar.h */,
				1EE0B5221C561A1600E134BF /* MJIvar.m */,
				1EE0B5231C561A1600E134BF /* MJMember.h */,
				1EE0B5241C561A1600E134BF /* MJMember.m */,
				1EE0B5251C561A1600E134BF /* MJMethod.h */,
				1EE0B5261C561A1600E134BF /* MJMethod.m */,
				1EE0B5271C561A1600E134BF /* MJType.h */,
				1EE0B5281C561A1600E134BF /* MJType.m */,
				1EE0B5291C561A1600E134BF /* MJTypeEncoding.h */,
				1EE0B52A1C561A1600E134BF /* MJTypeEncoding.m */,
				1EE0B52B1C561A1600E134BF /* NSObject+MJCoding.h */,
				1EE0B52C1C561A1600E134BF /* NSObject+MJCoding.m */,
				1EE0B52D1C561A1600E134BF /* NSObject+MJKeyValue.h */,
				1EE0B52E1C561A1600E134BF /* NSObject+MJKeyValue.m */,
				1EE0B52F1C561A1600E134BF /* NSObject+MJMember.h */,
				1EE0B5301C561A1600E134BF /* NSObject+MJMember.m */,
			);
			path = MJExtension;
			sourceTree = "<group>";
		};
		1EF313F11C54BADB005E11A0 = {
			isa = PBXGroup;
			children = (
				1EBB19361C55B8C8009529A2 /* Main */,
				1EF313FB1C54BADB005E11A0 /* Products */,
			);
			sourceTree = "<group>";
		};
		1EF313FB1C54BADB005E11A0 /* Products */ = {
			isa = PBXGroup;
			children = (
				1EF313FA1C54BADB005E11A0 /* 表情键盘.app */,
			);
			name = Products;
			sourceTree = "<group>";
		};
		1EF313FC1C54BADB005E11A0 /* 表情键盘 */ = {
			isa = PBXGroup;
			children = (
				1EE0B5121C5604BB00E134BF /* View */,
				1EF314061C54BADB005E11A0 /* Main.storyboard */,
				1EF314091C54BADB005E11A0 /* Assets.xcassets */,
				1EF3140B1C54BADB005E11A0 /* LaunchScreen.storyboard */,
				1EF3140E1C54BADB005E11A0 /* Info.plist */,
				1EF313FD1C54BADB005E11A0 /* Supporting Files */,
			);
			path = "表情键盘";
			sourceTree = "<group>";
		};
		1EF313FD1C54BADB005E11A0 /* Supporting Files */ = {
			isa = PBXGroup;
			children = (
				1EF313FE1C54BADB005E11A0 /* main.m */,
			);
			name = "Supporting Files";
			sourceTree = "<group>";
		};
/* End PBXGroup section */

/* Begin PBXNativeTarget section */
		1EF313F91C54BADB005E11A0 /* 表情键盘 */ = {
			isa = PBXNativeTarget;
			buildConfigurationList = 1EF314111C54BADB005E11A0 /* Build configuration list for PBXNativeTarget "表情键盘" */;
			buildPhases = (
				1EF313F61C54BADB005E11A0 /* Sources */,
				1EF313F71C54BADB005E11A0 /* Frameworks */,
				1EF313F81C54BADB005E11A0 /* Resources */,
			);
			buildRules = (
			);
			dependencies = (
			);
			name = "表情键盘";
			productName = "表情键盘";
			productReference = 1EF313FA1C54BADB005E11A0 /* 表情键盘.app */;
			productType = "com.apple.product-type.application";
		};
/* End PBXNativeTarget section */

/* Begin PBXProject section */
		1EF313F21C54BADB005E11A0 /* Project object */ = {
			isa = PBXProject;
			attributes = {
				LastUpgradeCheck = 0720;
				ORGANIZATIONNAME = "苏浩楠";
				TargetAttributes = {
					1EF313F91C54BADB005E11A0 = {
						CreatedOnToolsVersion = 7.2;
					};
				};
			};
			buildConfigurationList = 1EF313F51C54BADB005E11A0 /* Build configuration list for PBXProject "表情键盘" */;
			compatibilityVersion = "Xcode 3.2";
			developmentRegion = English;
			hasScannedForEncodings = 0;
			knownRegions = (
				en,
				Base,
			);
			mainGroup = 1EF313F11C54BADB005E11A0;
			productRefGroup = 1EF313FB1C54BADB005E11A0 /* Products */;
			projectDirPath = "";
			projectRoot = "";
			targets = (
				1EF313F91C54BADB005E11A0 /* 表情键盘 */,
			);
		};
/* End PBXProject section */

/* Begin PBXResourcesBuildPhase section */
		1EF313F81C54BADB005E11A0 /* Resources */ = {
			isa = PBXResourcesBuildPhase;
			buildActionMask = 2147483647;
			files = (
				1EF3140D1C54BADB005E11A0 /* LaunchScreen.storyboard in Resources */,
				1EF3140A1C54BADB005E11A0 /* Assets.xcassets in Resources */,
				1EF314081C54BADB005E11A0 /* Main.storyboard in Resources */,
			);
			runOnlyForDeploymentPostprocessing = 0;
		};
/* End PBXResourcesBuildPhase section */

/* Begin PBXSourcesBuildPhase section */
		1EF313F61C54BADB005E11A0 /* Sources */ = {
			isa = PBXSourcesBuildPhase;
			buildActionMask = 2147483647;
			files = (
				1EBB193E1C55C143009529A2 /* NSString+Emoji.m in Sources */,
				1EE0B5321C561A1600E134BF /* MJIvar.m in Sources */,
				1EE0B5311C561A1600E134BF /* MJArgument.m in Sources */,
				1EE0B51C1C5619A100E134BF /* HMEmotionKeyBoard.m in Sources */,
				1EE0B5351C561A1600E134BF /* MJType.m in Sources */,
				1EE0B5331C561A1600E134BF /* MJMember.m in Sources */,
				1EF314051C54BADB005E11A0 /* ViewController.m in Sources */,
				1EE0B5381C561A1600E134BF /* NSObject+MJKeyValue.m in Sources */,
				1EE0B5151C5604C400E134BF /* HMTextView.m in Sources */,
				1EE0B5181C5609F600E134BF /* HMComposeToolBar.m in Sources */,
				1EBB193D1C55C143009529A2 /* Foundation+Log.m in Sources */,
				1EE0B5361C561A1600E134BF /* MJTypeEncoding.m in Sources */,
				1EF314021C54BADB005E11A0 /* AppDelegate.m in Sources */,
				1EE0B5371C561A1600E134BF /* NSObject+MJCoding.m in Sources */,
				1EBB19391C55B8FA009529A2 /* UIView+Extension.m in Sources */,
				1EE0B5341C561A1600E134BF /* MJMethod.m in Sources */,
				1EE0B5391C561A1600E134BF /* NSObject+MJMember.m in Sources */,
				1EF313FF1C54BADB005E11A0 /* main.m in Sources */,
			);
			runOnlyForDeploymentPostprocessing = 0;
		};
/* End PBXSourcesBuildPhase section */

/* Begin PBXVariantGroup section */
		1EF314061C54BADB005E11A0 /* Main.storyboard */ = {
			isa = PBXVariantGroup;
			children = (
				1EF314071C54BADB005E11A0 /* Base */,
			);
			name = Main.storyboard;
			sourceTree = "<group>";
		};
		1EF3140B1C54BADB005E11A0 /* LaunchScreen.storyboard */ = {
			isa = PBXVariantGroup;
			children = (
				1EF3140C1C54BADB005E11A0 /* Base */,
			);
			name = LaunchScreen.storyboard;
			sourceTree = "<group>";
		};
/* End PBXVariantGroup section */

/* Begin XCBuildConfiguration section */
		1EF3140F1C54BADB005E11A0 /* Debug */ = {
			isa = XCBuildConfiguration;
			buildSettings = {
				ALWAYS_SEARCH_USER_PATHS = NO;
				CLANG_CXX_LANGUAGE_STANDARD = "gnu++0x";
				CLANG_CXX_LIBRARY = "libc++";
				CLANG_ENABLE_MODULES = YES;
				CLANG_ENABLE_OBJC_ARC = YES;
				CLANG_WARN_BOOL_CONVERSION = YES;
				CLANG_WARN_CONSTANT_CONVERSION = YES;
				CLANG_WARN_DIRECT_OBJC_ISA_USAGE = YES_ERROR;
				CLANG_WARN_EMPTY_BODY = YES;
				CLANG_WARN_ENUM_CONVERSION = YES;
				CLANG_WARN_INT_CONVERSION = YES;
				CLANG_WARN_OBJC_ROOT_CLASS = YES_ERROR;
				CLANG_WARN_UNREACHABLE_CODE = YES;
				CLANG_WARN__DUPLICATE_METHOD_MATCH = YES;
				"CODE_SIGN_IDENTITY[sdk=iphoneos*]" = "iPhone Developer";
				COPY_PHASE_STRIP = NO;
				DEBUG_INFORMATION_FORMAT = dwarf;
				ENABLE_STRICT_OBJC_MSGSEND = YES;
				ENABLE_TESTABILITY = YES;
				GCC_C_LANGUAGE_STANDARD = gnu99;
				GCC_DYNAMIC_NO_PIC = NO;
				GCC_NO_COMMON_BLOCKS = YES;
				GCC_OPTIMIZATION_LEVEL = 0;
				GCC_PREPROCESSOR_DEFINITIONS = (
					"DEBUG=1",
					"$(inherited)",
				);
				GCC_WARN_64_TO_32_BIT_CONVERSION = YES;
				GCC_WARN_ABOUT_RETURN_TYPE = YES_ERROR;
				GCC_WARN_UNDECLARED_SELECTOR = YES;
				GCC_WARN_UNINITIALIZED_AUTOS = YES_AGGRESSIVE;
				GCC_WARN_UNUSED_FUNCTION = YES;
				GCC_WARN_UNUSED_VARIABLE = YES;
				IPHONEOS_DEPLOYMENT_TARGET = 9.2;
				MTL_ENABLE_DEBUG_INFO = YES;
				ONLY_ACTIVE_ARCH = YES;
				SDKROOT = iphoneos;
			};
			name = Debug;
		};
		1EF314101C54BADB005E11A0 /* Release */ = {
			isa = XCBuildConfiguration;
			buildSettings = {
				ALWAYS_SEARCH_USER_PATHS = NO;
				CLANG_CXX_LANGUAGE_STANDARD = "gnu++0x";
				CLANG_CXX_LIBRARY = "libc++";
				CLANG_ENABLE_MODULES = YES;
				CLANG_ENABLE_OBJC_ARC = YES;
				CLANG_WARN_BOOL_CONVERSION = YES;
				CLANG_WARN_CONSTANT_CONVERSION = YES;
				CLANG_WARN_DIRECT_OBJC_ISA_USAGE = YES_ERROR;
				CLANG_WARN_EMPTY_BODY = YES;
				CLANG_WARN_ENUM_CONVERSION = YES;
				CLANG_WARN_INT_CONVERSION = YES;
				CLANG_WARN_OBJC_ROOT_CLASS = YES_ERROR;
				CLANG_WARN_UNREACHABLE_CODE = YES;
				CLANG_WARN__DUPLICATE_METHOD_MATCH = YES;
				"CODE_SIGN_IDENTITY[sdk=iphoneos*]" = "iPhone Developer";
				COPY_PHASE_STRIP = NO;
				DEBUG_INFORMATION_FORMAT = "dwarf-with-dsym";
				ENABLE_NS_ASSERTIONS = NO;
				ENABLE_STRICT_OBJC_MSGSEND = YES;
				GCC_C_LANGUAGE_STANDARD = gnu99;
				GCC_NO_COMMON_BLOCKS = YES;
				GCC_WARN_64_TO_32_BIT_CONVERSION = YES;
				GCC_WARN_ABOUT_RETURN_TYPE = YES_ERROR;
				GCC_WARN_UNDECLARED_SELECTOR = YES;
				GCC_WARN_UNINITIALIZED_AUTOS = YES_AGGRESSIVE;
				GCC_WARN_UNUSED_FUNCTION = YES;
				GCC_WARN_UNUSED_VARIABLE = YES;
				IPHONEOS_DEPLOYMENT_TARGET = 9.2;
				MTL_ENABLE_DEBUG_INFO = NO;
				SDKROOT = iphoneos;
				VALIDATE_PRODUCT = YES;
			};
			name = Release;
		};
		1EF314121C54BADB005E11A0 /* Debug */ = {
			isa = XCBuildConfiguration;
			buildSettings = {
				ASSETCATALOG_COMPILER_APPICON_NAME = AppIcon;
				INFOPLIST_FILE = "表情键盘/Info.plist";
				LD_RUNPATH_SEARCH_PATHS = "$(inherited) @executable_path/Frameworks";
				PRODUCT_BUNDLE_IDENTIFIER = "suhaonan.----";
				PRODUCT_NAME = "$(TARGET_NAME)";
			};
			name = Debug;
		};
		1EF314131C54BADB005E11A0 /* Release */ = {
			isa = XCBuildConfiguration;
			buildSettings = {
				ASSETCATALOG_COMPILER_APPICON_NAME = AppIcon;
				INFOPLIST_FILE = "表情键盘/Info.plist";
				LD_RUNPATH_SEARCH_PATHS = "$(inherited) @executable_path/Frameworks";
				PRODUCT_BUNDLE_IDENTIFIER = "suhaonan.----";
				PRODUCT_NAME = "$(TARGET_NAME)";
			};
			name = Release;
		};
/* End XCBuildConfiguration section */

/* Begin XCConfigurationList section */
		1EF313F51C54BADB005E11A0 /* Build configuration list for PBXProject "表情键盘" */ = {
			isa = XCConfigurationList;
			buildConfigurations = (
				1EF3140F1C54BADB005E11A0 /* Debug */,
				1EF314101C54BADB005E11A0 /* Release */,
			);
			defaultConfigurationIsVisible = 0;
			defaultConfigurationName = Release;
		};
		1EF314111C54BADB005E11A0 /* Build configuration list for PBXNativeTarget "表情键盘" */ = {
			isa = XCConfigurationList;
			buildConfigurations = (
				1EF314121C54BADB005E11A0 /* Debug */,
				1EF314131C54BADB005E11A0 /* Release */,
			);
			defaultConfigurationIsVisible = 0;
			defaultConfigurationName = Release;
		};
/* End XCConfigurationList section */
	};
	rootObject = 1EF313F21C54BADB005E11A0 /* Project object */;
}
